
Microsoft Visual Studio Solution File, Format Version 12.00
# Visual Studio 15
VisualStudioVersion = 15.0.28010.2041
MinimumVisualStudioVersion = 10.0.40219.1
Project("{FAE04EC0-301F-11D3-BF4B-00C04F79EFBC}") = "BL", "BL\BL.csproj", "{D5B157A4-E70E-48AA-BF13-2C22EBE71EF8}"
EndProject
Project("{FAE04EC0-301F-11D3-BF4B-00C04F79EFBC}") = "UI", "UI\UI.csproj", "{99A3D952-2810-44B3-B9F6-D30C890A4780}"
EndProject
Project("{FAE04EC0-301F-11D3-BF4B-00C04F79EFBC}") = "DAL", "DAL\DAL.csproj", "{2726A5AF-D62B-4A60-B6BE-976EF31256CD}"
EndProject
Project("{FAE04EC0-301F-11D3-BF4B-00C04F79EFBC}") = "PLWPF", "PLWPF\PLWPF.csproj", "{F75D7FC6-CE9D-4C53-A46C-30C550D93685}"
EndProject
Global
	GlobalSection(SolutionConfigurationPlatforms) = preSolution
		Debug|Any CPU = Debug|Any CPU
		Release|Any CPU = Release|Any CPU
	EndGlobalSection
	GlobalSection(ProjectConfigurationPlatforms) = postSolution
		{D5B157A4-E70E-48AA-BF13-2C22EBE71EF8}.Debug|Any CPU.ActiveCfg = Debug|Any CPU
		{D5B157A4-E70E-48AA-BF13-2C22EBE71EF8}.Debug|Any CPU.Build.0 = Debug|Any CPU
		{D5B157A4-E70E-48AA-BF13-2C22EBE71EF8}.Release|Any CPU.ActiveCfg = Release|Any CPU
		{D5B157A4-E70E-48AA-BF13-2C22EBE71EF8}.Release|Any CPU.Build.0 = Release|Any CPU
		{99A3D952-2810-44B3-B9F6-D30C890A4780}.Debug|Any CPU.ActiveCfg = Debug|Any CPU
		{99A3D952-2810-44B3-B9F6-D30C890A4780}.Debug|Any CPU.Build.0 = Debug|Any CPU
		{99A3D952-2810-44B3-B9F6-D30C890A4780}.Release|Any CPU.ActiveCfg = Release|Any CPU
		{99A3D952-2810-44B3-B9F6-D30C890A4780}.Release|Any CPU.Build.0 = Release|Any CPU
		{2726A5AF-D62B-4A60-B6BE-976EF31256CD}.Debug|Any CPU.ActiveCfg = Debug|Any CPU
		{2726A5AF-D62B-4A60-B6BE-976EF31256CD}.Debug|Any CPU.Build.0 = Debug|Any CPU
		{2726A5AF-D62B-4A60-B6BE-976EF31256CD}.Release|Any CPU.ActiveCfg = Release|Any CPU
		{2726A5AF-D62B-4A60-B6BE-976EF31256CD}.Release|Any CPU.Build.0 = Release|Any CPU
		{F75D7FC6-CE9D-4C53-A46C-30C550D93685}.Debug|Any CPU.ActiveCfg = Debug|Any CPU
		{F75D7FC6-CE9D-4C53-A46C-30C550D93685}.Debug|Any CPU.Build.0 = Debug|Any CPU
		{F75D7FC6-CE9D-4C53-A46C-30C550D93685}.Release|Any CPU.ActiveCfg = Release|Any CPU
		{F75D7FC6-CE9D-4C53-A46C-30C550D93685}.Release|Any CPU.Build.0 = Release|Any CPU
	EndGlobalSection
	GlobalSection(SolutionProperties) = preSolution
		HideSolutionNode = FALSE
	EndGlobalSection
	GlobalSection(ExtensibilityGlobals) = postSolution
		SolutionGuid = {733A6866-4717-4801-9300-1C036F7D4D43}
	EndGlobalSection
EndGlobal
